// !$*UTF8*$!
{
	archiveVersion = 1;
	classes = {
	};
	objectVersion = 56;
	objects = {

/* Begin PBXBuildFile section */
		841E2D552BAA0BF40022C2A1 /* AppColor.swift in Sources */ = {isa = PBXBuildFile; fileRef = 841E2D542BAA0BF40022C2A1 /* AppColor.swift */; };
		84544E0D2BB091E90039F263 /* ModifyMainInformationView.swift in Sources */ = {isa = PBXBuildFile; fileRef = 84544E0C2BB091E90039F263 /* ModifyMainInformationView.swift */; };
		84C63F872BB3244900419190 /* ModifyDirectionView.swift in Sources */ = {isa = PBXBuildFile; fileRef = 84C63F862BB3244900419190 /* ModifyDirectionView.swift */; };
		84C82B512BAB4A2100BBA327 /* RecipeCategoryGridView.swift in Sources */ = {isa = PBXBuildFile; fileRef = 84C82B502BAB4A2100BBA327 /* RecipeCategoryGridView.swift */; };
		84CE9B152BA9FEAC0059DEDB /* RecipeData.swift in Sources */ = {isa = PBXBuildFile; fileRef = 84CE9B142BA9FEAC0059DEDB /* RecipeData.swift */; };
		84CE9B172BAA03DE0059DEDB /* RecipeDetailView.swift in Sources */ = {isa = PBXBuildFile; fileRef = 84CE9B162BAA03DE0059DEDB /* RecipeDetailView.swift */; };
		84CF888F2BAF125F00EF374F /* ModifyRecipeView.swift in Sources */ = {isa = PBXBuildFile; fileRef = 84CF888E2BAF125F00EF374F /* ModifyRecipeView.swift */; };
		84EB899E2BA8A4AD00491F24 /* CookcademyApp.swift in Sources */ = {isa = PBXBuildFile; fileRef = 84EB899D2BA8A4AD00491F24 /* CookcademyApp.swift */; };
		84EB89A02BA8A4AD00491F24 /* RecipesListView.swift in Sources */ = {isa = PBXBuildFile; fileRef = 84EB899F2BA8A4AD00491F24 /* RecipesListView.swift */; };
		84EB89A22BA8A4AE00491F24 /* Assets.xcassets in Resources */ = {isa = PBXBuildFile; fileRef = 84EB89A12BA8A4AE00491F24 /* Assets.xcassets */; };
		84EB89A52BA8A4AE00491F24 /* Preview Assets.xcassets in Resources */ = {isa = PBXBuildFile; fileRef = 84EB89A42BA8A4AE00491F24 /* Preview Assets.xcassets */; };
		84EB89AC2BA8A64B00491F24 /* Recipe.swift in Sources */ = {isa = PBXBuildFile; fileRef = 84EB89AB2BA8A64B00491F24 /* Recipe.swift */; };
		84EE2A9C2BB16227001DC179 /* ModifyIngredientView.swift in Sources */ = {isa = PBXBuildFile; fileRef = 84EE2A9B2BB16227001DC179 /* ModifyIngredientView.swift */; };
		84EE2A9E2BB167EF001DC179 /* ModifyComponentsView.swift in Sources */ = {isa = PBXBuildFile; fileRef = 84EE2A9D2BB167EF001DC179 /* ModifyComponentsView.swift */; };
/* End PBXBuildFile section */

/* Begin PBXFileReference section */
		841E2D542BAA0BF40022C2A1 /* AppColor.swift */ = {isa = PBXFileReference; lastKnownFileType = sourcecode.swift; path = AppColor.swift; sourceTree = "<group>"; };
		84544E0C2BB091E90039F263 /* ModifyMainInformationView.swift */ = {isa = PBXFileReference; lastKnownFileType = sourcecode.swift; path = ModifyMainInformationView.swift; sourceTree = "<group>"; };
		84C63F862BB3244900419190 /* ModifyDirectionView.swift */ = {isa = PBXFileReference; lastKnownFileType = sourcecode.swift; path = ModifyDirectionView.swift; sourceTree = "<group>"; };
		84C82B502BAB4A2100BBA327 /* RecipeCategoryGridView.swift */ = {isa = PBXFileReference; lastKnownFileType = sourcecode.swift; path = RecipeCategoryGridView.swift; sourceTree = "<group>"; };
		84CE9B142BA9FEAC0059DEDB /* RecipeData.swift */ = {isa = PBXFileReference; lastKnownFileType = sourcecode.swift; path = RecipeData.swift; sourceTree = "<group>"; };
		84CE9B162BAA03DE0059DEDB /* RecipeDetailView.swift */ = {isa = PBXFileReference; lastKnownFileType = sourcecode.swift; path = RecipeDetailView.swift; sourceTree = "<group>"; };
		84CF888E2BAF125F00EF374F /* ModifyRecipeView.swift */ = {isa = PBXFileReference; lastKnownFileType = sourcecode.swift; path = ModifyRecipeView.swift; sourceTree = "<group>"; };
		84EB899A2BA8A4AD00491F24 /* Cookcademy.app */ = {isa = PBXFileReference; explicitFileType = wrapper.application; includeInIndex = 0; path = Cookcademy.app; sourceTree = BUILT_PRODUCTS_DIR; };
		84EB899D2BA8A4AD00491F24 /* CookcademyApp.swift */ = {isa = PBXFileReference; lastKnownFileType = sourcecode.swift; path = CookcademyApp.swift; sourceTree = "<group>"; };
		84EB899F2BA8A4AD00491F24 /* RecipesListView.swift */ = {isa = PBXFileReference; lastKnownFileType = sourcecode.swift; path = RecipesListView.swift; sourceTree = "<group>"; };
		84EB89A12BA8A4AE00491F24 /* Assets.xcassets */ = {isa = PBXFileReference; lastKnownFileType = folder.assetcatalog; path = Assets.xcassets; sourceTree = "<group>"; };
		84EB89A42BA8A4AE00491F24 /* Preview Assets.xcassets */ = {isa = PBXFileReference; lastKnownFileType = folder.assetcatalog; path = "Preview Assets.xcassets"; sourceTree = "<group>"; };
		84EB89AB2BA8A64B00491F24 /* Recipe.swift */ = {isa = PBXFileReference; lastKnownFileType = sourcecode.swift; path = Recipe.swift; sourceTree = "<group>"; };
		84EE2A9B2BB16227001DC179 /* ModifyIngredientView.swift */ = {isa = PBXFileReference; lastKnownFileType = sourcecode.swift; path = ModifyIngredientView.swift; sourceTree = "<group>"; };
		84EE2A9D2BB167EF001DC179 /* ModifyComponentsView.swift */ = {isa = PBXFileReference; lastKnownFileType = sourcecode.swift; path = ModifyComponentsView.swift; sourceTree = "<group>"; };
/* End PBXFileReference section */

/* Begin PBXFrameworksBuildPhase section */
		84EB89972BA8A4AD00491F24 /* Frameworks */ = {
			isa = PBXFrameworksBuildPhase;
			buildActionMask = 2147483647;
			files = (
			);
			runOnlyForDeploymentPostprocessing = 0;
		};
/* End PBXFrameworksBuildPhase section */

/* Begin PBXGroup section */
		84CE9B112BA9FC480059DEDB /* Views */ = {
			isa = PBXGroup;
			children = (
				84CF888D2BAF11C700EF374F /* ModifyRecipes */,
				84CF888C2BAF118400EF374F /* ExploreRecipes */,
			);
			path = Views;
			sourceTree = "<group>";
		};
		84CE9B122BA9FC600059DEDB /* ViewModels */ = {
			isa = PBXGroup;
			children = (
				84CE9B142BA9FEAC0059DEDB /* RecipeData.swift */,
				841E2D542BAA0BF40022C2A1 /* AppColor.swift */,
			);
			path = ViewModels;
			sourceTree = "<group>";
		};
		84CE9B132BA9FC890059DEDB /* Models */ = {
			isa = PBXGroup;
			children = (
				84EB89AB2BA8A64B00491F24 /* Recipe.swift */,
			);
			path = Models;
			sourceTree = "<group>";
		};
		84CF888C2BAF118400EF374F /* ExploreRecipes */ = {
			isa = PBXGroup;
			children = (
				84EB899F2BA8A4AD00491F24 /* RecipesListView.swift */,
				84CE9B162BAA03DE0059DEDB /* RecipeDetailView.swift */,
				84C82B502BAB4A2100BBA327 /* RecipeCategoryGridView.swift */,
			);
			path = ExploreRecipes;
			sourceTree = "<group>";
		};
		84CF888D2BAF11C700EF374F /* ModifyRecipes */ = {
			isa = PBXGroup;
			children = (
				84CF888E2BAF125F00EF374F /* ModifyRecipeView.swift */,
				84544E0C2BB091E90039F263 /* ModifyMainInformationView.swift */,
				84EE2A9D2BB167EF001DC179 /* ModifyComponentsView.swift */,
				84C63F862BB3244900419190 /* ModifyDirectionView.swift */,
				84EE2A9B2BB16227001DC179 /* ModifyIngredientView.swift */,
			);
			path = ModifyRecipes;
			sourceTree = "<group>";
		};
		84EB89912BA8A4AD00491F24 = {
			isa = PBXGroup;
			children = (
				84EB899C2BA8A4AD00491F24 /* Cookcademy */,
				84EB899B2BA8A4AD00491F24 /* Products */,
			);
			sourceTree = "<group>";
		};
		84EB899B2BA8A4AD00491F24 /* Products */ = {
			isa = PBXGroup;
			children = (
				84EB899A2BA8A4AD00491F24 /* Cookcademy.app */,
			);
			name = Products;
			sourceTree = "<group>";
		};
		84EB899C2BA8A4AD00491F24 /* Cookcademy */ = {
			isa = PBXGroup;
			children = (
				84CE9B122BA9FC600059DEDB /* ViewModels */,
				84CE9B112BA9FC480059DEDB /* Views */,
				84CE9B132BA9FC890059DEDB /* Models */,
				84EB899D2BA8A4AD00491F24 /* CookcademyApp.swift */,
				84EB89A12BA8A4AE00491F24 /* Assets.xcassets */,
				84EB89A32BA8A4AE00491F24 /* Preview Content */,
			);
			path = Cookcademy;
			sourceTree = "<group>";
		};
		84EB89A32BA8A4AE00491F24 /* Preview Content */ = {
			isa = PBXGroup;
			children = (
				84EB89A42BA8A4AE00491F24 /* Preview Assets.xcassets */,
			);
			path = "Preview Content";
			sourceTree = "<group>";
		};
/* End PBXGroup section */

/* Begin PBXNativeTarget section */
		84EB89992BA8A4AD00491F24 /* Cookcademy */ = {
			isa = PBXNativeTarget;
			buildConfigurationList = 84EB89A82BA8A4AE00491F24 /* Build configuration list for PBXNativeTarget "Cookcademy" */;
			buildPhases = (
				84EB89962BA8A4AD00491F24 /* Sources */,
				84EB89972BA8A4AD00491F24 /* Frameworks */,
				84EB89982BA8A4AD00491F24 /* Resources */,
			);
			buildRules = (
			);
			dependencies = (
			);
			name = Cookcademy;
			productName = Cookcademy;
			productReference = 84EB899A2BA8A4AD00491F24 /* Cookcademy.app */;
			productType = "com.apple.product-type.application";
		};
/* End PBXNativeTarget section */

/* Begin PBXProject section */
		84EB89922BA8A4AD00491F24 /* Project object */ = {
			isa = PBXProject;
			attributes = {
				BuildIndependentTargetsInParallel = 1;
				LastSwiftUpdateCheck = 1530;
				LastUpgradeCheck = 1530;
				TargetAttributes = {
					84EB89992BA8A4AD00491F24 = {
						CreatedOnToolsVersion = 15.3;
					};
				};
			};
			buildConfigurationList = 84EB89952BA8A4AD00491F24 /* Build configuration list for PBXProject "Cookcademy" */;
			compatibilityVersion = "Xcode 14.0";
			developmentRegion = en;
			hasScannedForEncodings = 0;
			knownRegions = (
				en,
				Base,
			);
			mainGroup = 84EB89912BA8A4AD00491F24;
			productRefGroup = 84EB899B2BA8A4AD00491F24 /* Products */;
			projectDirPath = "";
			projectRoot = "";
			targets = (
				84EB89992BA8A4AD00491F24 /* Cookcademy */,
			);
		};
/* End PBXProject section */

/* Begin PBXResourcesBuildPhase section */
		84EB89982BA8A4AD00491F24 /* Resources */ = {
			isa = PBXResourcesBuildPhase;
			buildActionMask = 2147483647;
			files = (
				84EB89A52BA8A4AE00491F24 /* Preview Assets.xcassets in Resources */,
				84EB89A22BA8A4AE00491F24 /* Assets.xcassets in Resources */,
			);
			runOnlyForDeploymentPostprocessing = 0;
		};
/* End PBXResourcesBuildPhase section */

/* Begin PBXSourcesBuildPhase section */
		84EB89962BA8A4AD00491F24 /* Sources */ = {
			isa = PBXSourcesBuildPhase;
			buildActionMask = 2147483647;
			files = (
				84EB89AC2BA8A64B00491F24 /* Recipe.swift in Sources */,
				84CE9B172BAA03DE0059DEDB /* RecipeDetailView.swift in Sources */,
				84C82B512BAB4A2100BBA327 /* RecipeCategoryGridView.swift in Sources */,
				84CE9B152BA9FEAC0059DEDB /* RecipeData.swift in Sources */,
				84C63F872BB3244900419190 /* ModifyDirectionView.swift in Sources */,
				84CF888F2BAF125F00EF374F /* ModifyRecipeView.swift in Sources */,
				84EE2A9E2BB167EF001DC179 /* ModifyComponentsView.swift in Sources */,
				84EB89A02BA8A4AD00491F24 /* RecipesListView.swift in Sources */,
				84EB899E2BA8A4AD00491F24 /* CookcademyApp.swift in Sources */,
				84544E0D2BB091E90039F263 /* ModifyMainInformationView.swift in Sources */,
				841E2D552BAA0BF40022C2A1 /* AppColor.swift in Sources */,
				84EE2A9C2BB16227001DC179 /* ModifyIngredientView.swift in Sources */,
			);
			runOnlyForDeploymentPostprocessing = 0;
		};
/* End PBXSourcesBuildPhase section */

/* Begin XCBuildConfiguration section */
		84EB89A62BA8A4AE00491F24 /* Debug */ = {
			isa = XCBuildConfiguration;
			buildSettings = {
				ALWAYS_SEARCH_USER_PATHS = NO;
				ASSETCATALOG_COMPILER_GENERATE_SWIFT_ASSET_SYMBOL_EXTENSIONS = YES;
				CLANG_ANALYZER_NONNULL = YES;
				CLANG_ANALYZER_NUMBER_OBJECT_CONVERSION = YES_AGGRESSIVE;
				CLANG_CXX_LANGUAGE_STANDARD = "gnu++20";
				CLANG_ENABLE_MODULES = YES;
				CLANG_ENABLE_OBJC_ARC = YES;
				CLANG_ENABLE_OBJC_WEAK = YES;
				CLANG_WARN_BLOCK_CAPTURE_AUTORELEASING = YES;
				CLANG_WARN_BOOL_CONVERSION = YES;
				CLANG_WARN_COMMA = YES;
				CLANG_WARN_CONSTANT_CONVERSION = YES;
				CLANG_WARN_DEPRECATED_OBJC_IMPLEMENTATIONS = YES;
				CLANG_WARN_DIRECT_OBJC_ISA_USAGE = YES_ERROR;
				CLANG_WARN_DOCUMENTATION_COMMENTS = YES;
				CLANG_WARN_EMPTY_BODY = YES;
				CLANG_WARN_ENUM_CONVERSION = YES;
				CLANG_WARN_INFINITE_RECURSION = YES;
				CLANG_WARN_INT_CONVERSION = YES;
				CLANG_WARN_NON_LITERAL_NULL_CONVERSION = YES;
				CLANG_WARN_OBJC_IMPLICIT_RETAIN_SELF = YES;
				CLANG_WARN_OBJC_LITERAL_CONVERSION = YES;
				CLANG_WARN_OBJC_ROOT_CLASS = YES_ERROR;
				CLANG_WARN_QUOTED_INCLUDE_IN_FRAMEWORK_HEADER = YES;
				CLANG_WARN_RANGE_LOOP_ANALYSIS = YES;
				CLANG_WARN_STRICT_PROTOTYPES = YES;
				CLANG_WARN_SUSPICIOUS_MOVE = YES;
				CLANG_WARN_UNGUARDED_AVAILABILITY = YES_AGGRESSIVE;
				CLANG_WARN_UNREACHABLE_CODE = YES;
				CLANG_WARN__DUPLICATE_METHOD_MATCH = YES;
				COPY_PHASE_STRIP = NO;
				DEBUG_INFORMATION_FORMAT = dwarf;
				ENABLE_STRICT_OBJC_MSGSEND = YES;
				ENABLE_TESTABILITY = YES;
				ENABLE_USER_SCRIPT_SANDBOXING = YES;
				GCC_C_LANGUAGE_STANDARD = gnu17;
				GCC_DYNAMIC_NO_PIC = NO;
				GCC_NO_COMMON_BLOCKS = YES;
				GCC_OPTIMIZATION_LEVEL = 0;
				GCC_PREPROCESSOR_DEFINITIONS = (
					"DEBUG=1",
					"$(inherited)",
				);
				GCC_WARN_64_TO_32_BIT_CONVERSION = YES;
				GCC_WARN_ABOUT_RETURN_TYPE = YES_ERROR;
				GCC_WARN_UNDECLARED_SELECTOR = YES;
				GCC_WARN_UNINITIALIZED_AUTOS = YES_AGGRESSIVE;
				GCC_WARN_UNUSED_FUNCTION = YES;
				GCC_WARN_UNUSED_VARIABLE = YES;
				IPHONEOS_DEPLOYMENT_TARGET = 17.4;
				LOCALIZATION_PREFERS_STRING_CATALOGS = YES;
				MTL_ENABLE_DEBUG_INFO = INCLUDE_SOURCE;
				MTL_FAST_MATH = YES;
				ONLY_ACTIVE_ARCH = YES;
				SDKROOT = iphoneos;
				SWIFT_ACTIVE_COMPILATION_CONDITIONS = "DEBUG $(inherited)";
				SWIFT_OPTIMIZATION_LEVEL = "-Onone";
			};
			name = Debug;
		};
		84EB89A72BA8A4AE00491F24 /* Release */ = {
			isa = XCBuildConfiguration;
			buildSettings = {
				ALWAYS_SEARCH_USER_PATHS = NO;
				ASSETCATALOG_COMPILER_GENERATE_SWIFT_ASSET_SYMBOL_EXTENSIONS = YES;
				CLANG_ANALYZER_NONNULL = YES;
				CLANG_ANALYZER_NUMBER_OBJECT_CONVERSION = YES_AGGRESSIVE;
				CLANG_CXX_LANGUAGE_STANDARD = "gnu++20";
				CLANG_ENABLE_MODULES = YES;
				CLANG_ENABLE_OBJC_ARC = YES;
				CLANG_ENABLE_OBJC_WEAK = YES;
				CLANG_WARN_BLOCK_CAPTURE_AUTORELEASING = YES;
				CLANG_WARN_BOOL_CONVERSION = YES;
				CLANG_WARN_COMMA = YES;
				CLANG_WARN_CONSTANT_CONVERSION = YES;
				CLANG_WARN_DEPRECATED_OBJC_IMPLEMENTATIONS = YES;
				CLANG_WARN_DIRECT_OBJC_ISA_USAGE = YES_ERROR;
				CLANG_WARN_DOCUMENTATION_COMMENTS = YES;
				CLANG_WARN_EMPTY_BODY = YES;
				CLANG_WARN_ENUM_CONVERSION = YES;
				CLANG_WARN_INFINITE_RECURSION = YES;
				CLANG_WARN_INT_CONVERSION = YES;
				CLANG_WARN_NON_LITERAL_NULL_CONVERSION = YES;
				CLANG_WARN_OBJC_IMPLICIT_RETAIN_SELF = YES;
				CLANG_WARN_OBJC_LITERAL_CONVERSION = YES;
				CLANG_WARN_OBJC_ROOT_CLASS = YES_ERROR;
				CLANG_WARN_QUOTED_INCLUDE_IN_FRAMEWORK_HEADER = YES;
				CLANG_WARN_RANGE_LOOP_ANALYSIS = YES;
				CLANG_WARN_STRICT_PROTOTYPES = YES;
				CLANG_WARN_SUSPICIOUS_MOVE = YES;
				CLANG_WARN_UNGUARDED_AVAILABILITY = YES_AGGRESSIVE;
				CLANG_WARN_UNREACHABLE_CODE = YES;
				CLANG_WARN__DUPLICATE_METHOD_MATCH = YES;
				COPY_PHASE_STRIP = NO;
				DEBUG_INFORMATION_FORMAT = "dwarf-with-dsym";
				ENABLE_NS_ASSERTIONS = NO;
				ENABLE_STRICT_OBJC_MSGSEND = YES;
				ENABLE_USER_SCRIPT_SANDBOXING = YES;
				GCC_C_LANGUAGE_STANDARD = gnu17;
				GCC_NO_COMMON_BLOCKS = YES;
				GCC_WARN_64_TO_32_BIT_CONVERSION = YES;
				GCC_WARN_ABOUT_RETURN_TYPE = YES_ERROR;
				GCC_WARN_UNDECLARED_SELECTOR = YES;
				GCC_WARN_UNINITIALIZED_AUTOS = YES_AGGRESSIVE;
				GCC_WARN_UNUSED_FUNCTION = YES;
				GCC_WARN_UNUSED_VARIABLE = YES;
				IPHONEOS_DEPLOYMENT_TARGET = 17.4;
				LOCALIZATION_PREFERS_STRING_CATALOGS = YES;
				MTL_ENABLE_DEBUG_INFO = NO;
				MTL_FAST_MATH = YES;
				SDKROOT = iphoneos;
				SWIFT_COMPILATION_MODE = wholemodule;
				VALIDATE_PRODUCT = YES;
			};
			name = Release;
		};
		84EB89A92BA8A4AE00491F24 /* Debug */ = {
			isa = XCBuildConfiguration;
			buildSettings = {
				ASSETCATALOG_COMPILER_APPICON_NAME = AppIcon;
				ASSETCATALOG_COMPILER_GLOBAL_ACCENT_COLOR_NAME = AccentColor;
				CODE_SIGN_STYLE = Automatic;
				CURRENT_PROJECT_VERSION = 1;
				DEVELOPMENT_ASSET_PATHS = "\"Cookcademy/Preview Content\"";
				DEVELOPMENT_TEAM = QB9WG2GGL2;
				ENABLE_PREVIEWS = YES;
				GENERATE_INFOPLIST_FILE = YES;
				INFOPLIST_KEY_UIApplicationSceneManifest_Generation = YES;
				INFOPLIST_KEY_UIApplicationSupportsIndirectInputEvents = YES;
				INFOPLIST_KEY_UILaunchScreen_Generation = YES;
				INFOPLIST_KEY_UISupportedInterfaceOrientations_iPad = "UIInterfaceOrientationPortrait UIInterfaceOrientationPortraitUpsideDown UIInterfaceOrientationLandscapeLeft UIInterfaceOrientationLandscapeRight";
				INFOPLIST_KEY_UISupportedInterfaceOrientations_iPhone = "UIInterfaceOrientationPortrait UIInterfaceOrientationLandscapeLeft UIInterfaceOrientationLandscapeRight";
				LD_RUNPATH_SEARCH_PATHS = (
					"$(inherited)",
					"@executable_path/Frameworks",
				);
				MARKETING_VERSION = 1.0;
				PRODUCT_BUNDLE_IDENTIFIER = com.akiptsevich.Cookcademy;
				PRODUCT_NAME = "$(TARGET_NAME)";
				SWIFT_EMIT_LOC_STRINGS = YES;
				SWIFT_VERSION = 5.0;
				TARGETED_DEVICE_FAMILY = "1,2";
			};
			name = Debug;
		};
		84EB89AA2BA8A4AE00491F24 /* Release */ = {
			isa = XCBuildConfiguration;
			buildSettings = {
				ASSETCATALOG_COMPILER_APPICON_NAME = AppIcon;
				ASSETCATALOG_COMPILER_GLOBAL_ACCENT_COLOR_NAME = AccentColor;
				CODE_SIGN_STYLE = Automatic;
				CURRENT_PROJECT_VERSION = 1;
				DEVELOPMENT_ASSET_PATHS = "\"Cookcademy/Preview Content\"";
				DEVELOPMENT_TEAM = QB9WG2GGL2;
				ENABLE_PREVIEWS = YES;
				GENERATE_INFOPLIST_FILE = YES;
				INFOPLIST_KEY_UIApplicationSceneManifest_Generation = YES;
				INFOPLIST_KEY_UIApplicationSupportsIndirectInputEvents = YES;
				INFOPLIST_KEY_UILaunchScreen_Generation = YES;
				INFOPLIST_KEY_UISupportedInterfaceOrientations_iPad = "UIInterfaceOrientationPortrait UIInterfaceOrientationPortraitUpsideDown UIInterfaceOrientationLandscapeLeft UIInterfaceOrientationLandscapeRight";
				INFOPLIST_KEY_UISupportedInterfaceOrientations_iPhone = "UIInterfaceOrientationPortrait UIInterfaceOrientationLandscapeLeft UIInterfaceOrientationLandscapeRight";
				LD_RUNPATH_SEARCH_PATHS = (
					"$(inherited)",
					"@executable_path/Frameworks",
				);
				MARKETING_VERSION = 1.0;
				PRODUCT_BUNDLE_IDENTIFIER = com.akiptsevich.Cookcademy;
				PRODUCT_NAME = "$(TARGET_NAME)";
				SWIFT_EMIT_LOC_STRINGS = YES;
				SWIFT_VERSION = 5.0;
				TARGETED_DEVICE_FAMILY = "1,2";
			};
			name = Release;
		};
/* End XCBuildConfiguration section */

/* Begin XCConfigurationList section */
		84EB89952BA8A4AD00491F24 /* Build configuration list for PBXProject "Cookcademy" */ = {
			isa = XCConfigurationList;
			buildConfigurations = (
				84EB89A62BA8A4AE00491F24 /* Debug */,
				84EB89A72BA8A4AE00491F24 /* Release */,
			);
			defaultConfigurationIsVisible = 0;
			defaultConfigurationName = Release;
		};
		84EB89A82BA8A4AE00491F24 /* Build configuration list for PBXNativeTarget "Cookcademy" */ = {
			isa = XCConfigurationList;
			buildConfigurations = (
				84EB89A92BA8A4AE00491F24 /* Debug */,
				84EB89AA2BA8A4AE00491F24 /* Release */,
			);
			defaultConfigurationIsVisible = 0;
			defaultConfigurationName = Release;
		};
/* End XCConfigurationList section */
	};
	rootObject = 84EB89922BA8A4AD00491F24 /* Project object */;
}
